PODS:
  - AFNetworking (2.5.4):
    - AFNetworking/NSURLConnection (= 2.5.4)
    - AFNetworking/NSURLSession (= 2.5.4)
    - AFNetworking/Reachability (= 2.5.4)
    - AFNetworking/Security (= 2.5.4)
    - AFNetworking/Serialization (= 2.5.4)
    - AFNetworking/UIKit (= 2.5.4)
  - AFNetworking/NSURLConnection (2.5.4):
    - AFNetworking/Reachability
    - AFNetworking/Security
    - AFNetworking/Serialization
  - AFNetworking/NSURLSession (2.5.4):
    - AFNetworking/Reachability
    - AFNetworking/Security
    - AFNetworking/Serialization
  - AFNetworking/Reachability (2.5.4)
  - AFNetworking/Security (2.5.4)
  - AFNetworking/Serialization (2.5.4)
  - AFNetworking/UIKit (2.5.4):
    - AFNetworking/NSURLConnection
    - AFNetworking/NSURLSession
  - AFOAuth2Manager (2.2.0):
    - AFNetworking/NSURLConnection (~> 2.2)
  - Expecta (1.0.0)
  - KaifKit (0.1.0):
    - AFNetworking (~> 2.5.4)
    - AFOAuth2Manager
    - SSKeychain
  - Specta (1.0.2)
  - SSKeychain (1.2.3)

DEPENDENCIES:
  - Expecta
  - KaifKit (from `../`)
  - Specta

EXTERNAL SOURCES:
  KaifKit:
    :path: "../"

SPEC CHECKSUMS:
  AFNetworking: 05edc0ac4c4c8cf57bcf4b84be5b0744b6d8e71e
  AFOAuth2Manager: 952eb62e8fd8022971e64c6e8fe28b9e999224af
  Expecta: 32604574add2c46a36f8d2f716b6c5736eb75024
  KaifKit: 8a073fe6cb471ce88a6e3425329c0488f230f758
  Specta: 9cec98310dca411f7c7ffd6943552b501622abfe
  SSKeychain: 3f42991739c6c60a9cf1bbd4dff6c0d3694bcf3d

COCOAPODS: 0.37.2
